// !$*UTF8*$!
{
	archiveVersion = 1;
	classes = {
	};
	objectVersion = 48;
	objects = {

/* Begin PBXBuildFile section */
		A3ECA6A9474724D6261150D8 /* Pods_tunetilt.framework in Frameworks */ = {isa = PBXBuildFile; fileRef = C59B65FE3C31E015FF53A99A /* Pods_tunetilt.framework */; };
		A95C12D9E8598A8C9927C9FA /* Pods_tunetilt.framework in Frameworks */ = {isa = PBXBuildFile; fileRef = AAC4895FE5CA958516676BB4 /* Pods_tunetilt.framework */; };
		C04290B420B3ECD200A95719 /* GoogleService-Info.plist in Resources */ = {isa = PBXBuildFile; fileRef = C04290B320B3ECD200A95719 /* GoogleService-Info.plist */; };
		C04290B820B3ECEA00A95719 /* SequencesStorage.swift in Sources */ = {isa = PBXBuildFile; fileRef = C04290B720B3ECEA00A95719 /* SequencesStorage.swift */; };
		DC5188F820C22200008E16A2 /* LeaderboardRow.swift in Sources */ = {isa = PBXBuildFile; fileRef = DC5188F720C22200008E16A2 /* LeaderboardRow.swift */; };
		DC5188FA20C22230008E16A2 /* LeaderboardController.swift in Sources */ = {isa = PBXBuildFile; fileRef = DC5188F920C22230008E16A2 /* LeaderboardController.swift */; };
		DC5188FD20C22306008E16A2 /* TuneTilt.xcdatamodeld in Sources */ = {isa = PBXBuildFile; fileRef = DC5188FB20C22306008E16A2 /* TuneTilt.xcdatamodeld */; };
		DC5188FF20C223A7008E16A2 /* ScoreManager.swift in Sources */ = {isa = PBXBuildFile; fileRef = DC5188FE20C223A7008E16A2 /* ScoreManager.swift */; };
		DC51890320C22D62008E16A2 /* GameKit.framework in Frameworks */ = {isa = PBXBuildFile; fileRef = DC51890220C22D62008E16A2 /* GameKit.framework */; };
		DD17514520C52DB4002E6F1E /* SongsLoader.swift in Sources */ = {isa = PBXBuildFile; fileRef = DD17514420C52DB4002E6F1E /* SongsLoader.swift */; };
		DD17514720C54603002E6F1E /* Social.framework in Frameworks */ = {isa = PBXBuildFile; fileRef = DD17514620C54603002E6F1E /* Social.framework */; };
		DD18F86F20BB92F8003773A5 /* Key.swift in Sources */ = {isa = PBXBuildFile; fileRef = DD18F86E20BB92F8003773A5 /* Key.swift */; };
		DD20DF3620B13E8000C7A9F4 /* SongSelectionController.swift in Sources */ = {isa = PBXBuildFile; fileRef = DD20DF3520B13E7F00C7A9F4 /* SongSelectionController.swift */; };
		DD3A96A720B41ED000465F8B /* a#.mp3 in Resources */ = {isa = PBXBuildFile; fileRef = DD3A969A20B41ED000465F8B /* a#.mp3 */; };
		DD3A96A820B41ED000465F8B /* c#.mp3 in Resources */ = {isa = PBXBuildFile; fileRef = DD3A969B20B41ED000465F8B /* c#.mp3 */; };
		DD3A96A920B41ED000465F8B /* c.mp3 in Resources */ = {isa = PBXBuildFile; fileRef = DD3A969C20B41ED000465F8B /* c.mp3 */; };
		DD3A96AA20B41ED000465F8B /* b.mp3 in Resources */ = {isa = PBXBuildFile; fileRef = DD3A969D20B41ED000465F8B /* b.mp3 */; };
		DD3A96AB20B41ED000465F8B /* g#.mp3 in Resources */ = {isa = PBXBuildFile; fileRef = DD3A969E20B41ED000465F8B /* g#.mp3 */; };
		DD3A96AC20B41ED000465F8B /* e.mp3 in Resources */ = {isa = PBXBuildFile; fileRef = DD3A969F20B41ED000465F8B /* e.mp3 */; };
		DD3A96AD20B41ED000465F8B /* d#.mp3 in Resources */ = {isa = PBXBuildFile; fileRef = DD3A96A020B41ED000465F8B /* d#.mp3 */; };
		DD3A96AE20B41ED000465F8B /* d.mp3 in Resources */ = {isa = PBXBuildFile; fileRef = DD3A96A120B41ED000465F8B /* d.mp3 */; };
		DD3A96AF20B41ED000465F8B /* f#.mp3 in Resources */ = {isa = PBXBuildFile; fileRef = DD3A96A220B41ED000465F8B /* f#.mp3 */; };
		DD3A96B020B41ED000465F8B /* g.mp3 in Resources */ = {isa = PBXBuildFile; fileRef = DD3A96A320B41ED000465F8B /* g.mp3 */; };
		DD3A96B120B41ED000465F8B /* f.mp3 in Resources */ = {isa = PBXBuildFile; fileRef = DD3A96A420B41ED000465F8B /* f.mp3 */; };
		DD3A96B220B41ED000465F8B /* a.mp3 in Resources */ = {isa = PBXBuildFile; fileRef = DD3A96A520B41ED000465F8B /* a.mp3 */; };
		DDAF537420C17E7400738BE8 /* Song.swift in Sources */ = {isa = PBXBuildFile; fileRef = DDAF537320C17E7300738BE8 /* Song.swift */; };
		DDAF537820C231B000738BE8 /* GermaniaOne-Regular.ttf in Resources */ = {isa = PBXBuildFile; fileRef = DDAF537720C231B000738BE8 /* GermaniaOne-Regular.ttf */; };
		DDAF537C20C2427A00738BE8 /* launch.png in Resources */ = {isa = PBXBuildFile; fileRef = DDAF537B20C2427A00738BE8 /* launch.png */; };
		DDCD987620AA946300B8D4D2 /* AppDelegate.swift in Sources */ = {isa = PBXBuildFile; fileRef = DDCD987520AA946300B8D4D2 /* AppDelegate.swift */; };
		DDCD987820AA946300B8D4D2 /* HomeController.swift in Sources */ = {isa = PBXBuildFile; fileRef = DDCD987720AA946300B8D4D2 /* HomeController.swift */; };
		DDCD987B20AA946300B8D4D2 /* Main.storyboard in Resources */ = {isa = PBXBuildFile; fileRef = DDCD987920AA946300B8D4D2 /* Main.storyboard */; };
		DDCD987D20AA946400B8D4D2 /* Assets.xcassets in Resources */ = {isa = PBXBuildFile; fileRef = DDCD987C20AA946400B8D4D2 /* Assets.xcassets */; };
		DDCD988020AA946400B8D4D2 /* LaunchScreen.storyboard in Resources */ = {isa = PBXBuildFile; fileRef = DDCD987E20AA946400B8D4D2 /* LaunchScreen.storyboard */; };
		DDCD988920AA959900B8D4D2 /* GameController.swift in Sources */ = {isa = PBXBuildFile; fileRef = DDCD988820AA959900B8D4D2 /* GameController.swift */; };
		DDEBD5D720C3B18900D7C664 /* SequencePlayer.swift in Sources */ = {isa = PBXBuildFile; fileRef = DDEBD5D620C3B18900D7C664 /* SequencePlayer.swift */; };
		DDEBD5D920C3F18800D7C664 /* EndGameController.swift in Sources */ = {isa = PBXBuildFile; fileRef = DDEBD5D820C3F18800D7C664 /* EndGameController.swift */; };
/* End PBXBuildFile section */

/* Begin PBXFileReference section */
		62AF78B66F6A7160C9A023ED /* Pods-tunetilt.release.xcconfig */ = {isa = PBXFileReference; includeInIndex = 1; lastKnownFileType = text.xcconfig; name = "Pods-tunetilt.release.xcconfig"; path = "Pods/Target Support Files/Pods-tunetilt/Pods-tunetilt.release.xcconfig"; sourceTree = "<group>"; };
		AAC4895FE5CA958516676BB4 /* Pods_tunetilt.framework */ = {isa = PBXFileReference; explicitFileType = wrapper.framework; includeInIndex = 0; path = Pods_tunetilt.framework; sourceTree = BUILT_PRODUCTS_DIR; };
		AE03A4768AB5555D6C668A55 /* Pods-tunetilt.debug.xcconfig */ = {isa = PBXFileReference; includeInIndex = 1; lastKnownFileType = text.xcconfig; name = "Pods-tunetilt.debug.xcconfig"; path = "Pods/Target Support Files/Pods-tunetilt/Pods-tunetilt.debug.xcconfig"; sourceTree = "<group>"; };
		C04290B320B3ECD200A95719 /* GoogleService-Info.plist */ = {isa = PBXFileReference; fileEncoding = 4; lastKnownFileType = text.plist.xml; path = "GoogleService-Info.plist"; sourceTree = "<group>"; };
		C04290B720B3ECEA00A95719 /* SequencesStorage.swift */ = {isa = PBXFileReference; lastKnownFileType = sourcecode.swift; path = SequencesStorage.swift; sourceTree = "<group>"; };
		C59B65FE3C31E015FF53A99A /* Pods_tunetilt.framework */ = {isa = PBXFileReference; explicitFileType = wrapper.framework; includeInIndex = 0; path = Pods_tunetilt.framework; sourceTree = BUILT_PRODUCTS_DIR; };
		D57399A5D189BC39A1680677 /* Pods-tunetilt.release.xcconfig */ = {isa = PBXFileReference; includeInIndex = 1; lastKnownFileType = text.xcconfig; name = "Pods-tunetilt.release.xcconfig"; path = "Pods/Target Support Files/Pods-tunetilt/Pods-tunetilt.release.xcconfig"; sourceTree = "<group>"; };
		DC5188F720C22200008E16A2 /* LeaderboardRow.swift */ = {isa = PBXFileReference; lastKnownFileType = sourcecode.swift; path = LeaderboardRow.swift; sourceTree = "<group>"; };
		DC5188F920C22230008E16A2 /* LeaderboardController.swift */ = {isa = PBXFileReference; lastKnownFileType = sourcecode.swift; path = LeaderboardController.swift; sourceTree = "<group>"; };
		DC5188FC20C22306008E16A2 /* TuneTilt.xcdatamodel */ = {isa = PBXFileReference; lastKnownFileType = wrapper.xcdatamodel; path = TuneTilt.xcdatamodel; sourceTree = "<group>"; };
		DC5188FE20C223A7008E16A2 /* ScoreManager.swift */ = {isa = PBXFileReference; lastKnownFileType = sourcecode.swift; path = ScoreManager.swift; sourceTree = "<group>"; };
		DC51890220C22D62008E16A2 /* GameKit.framework */ = {isa = PBXFileReference; lastKnownFileType = wrapper.framework; name = GameKit.framework; path = System/Library/Frameworks/GameKit.framework; sourceTree = SDKROOT; };
		DD17514420C52DB4002E6F1E /* SongsLoader.swift */ = {isa = PBXFileReference; lastKnownFileType = sourcecode.swift; path = SongsLoader.swift; sourceTree = "<group>"; };
		DD17514620C54603002E6F1E /* Social.framework */ = {isa = PBXFileReference; lastKnownFileType = wrapper.framework; name = Social.framework; path = System/Library/Frameworks/Social.framework; sourceTree = SDKROOT; };
		DD18F86E20BB92F8003773A5 /* Key.swift */ = {isa = PBXFileReference; lastKnownFileType = sourcecode.swift; path = Key.swift; sourceTree = "<group>"; };
		DD20DF3520B13E7F00C7A9F4 /* SongSelectionController.swift */ = {isa = PBXFileReference; fileEncoding = 4; lastKnownFileType = sourcecode.swift; path = SongSelectionController.swift; sourceTree = "<group>"; };
		DD3A969A20B41ED000465F8B /* a#.mp3 */ = {isa = PBXFileReference; lastKnownFileType = audio.mp3; path = "a#.mp3"; sourceTree = "<group>"; };
		DD3A969B20B41ED000465F8B /* c#.mp3 */ = {isa = PBXFileReference; lastKnownFileType = audio.mp3; path = "c#.mp3"; sourceTree = "<group>"; };
		DD3A969C20B41ED000465F8B /* c.mp3 */ = {isa = PBXFileReference; lastKnownFileType = audio.mp3; path = c.mp3; sourceTree = "<group>"; };
		DD3A969D20B41ED000465F8B /* b.mp3 */ = {isa = PBXFileReference; lastKnownFileType = audio.mp3; path = b.mp3; sourceTree = "<group>"; };
		DD3A969E20B41ED000465F8B /* g#.mp3 */ = {isa = PBXFileReference; lastKnownFileType = audio.mp3; path = "g#.mp3"; sourceTree = "<group>"; };
		DD3A969F20B41ED000465F8B /* e.mp3 */ = {isa = PBXFileReference; lastKnownFileType = audio.mp3; path = e.mp3; sourceTree = "<group>"; };
		DD3A96A020B41ED000465F8B /* d#.mp3 */ = {isa = PBXFileReference; lastKnownFileType = audio.mp3; path = "d#.mp3"; sourceTree = "<group>"; };
		DD3A96A120B41ED000465F8B /* d.mp3 */ = {isa = PBXFileReference; lastKnownFileType = audio.mp3; path = d.mp3; sourceTree = "<group>"; };
		DD3A96A220B41ED000465F8B /* f#.mp3 */ = {isa = PBXFileReference; lastKnownFileType = audio.mp3; path = "f#.mp3"; sourceTree = "<group>"; };
		DD3A96A320B41ED000465F8B /* g.mp3 */ = {isa = PBXFileReference; lastKnownFileType = audio.mp3; path = g.mp3; sourceTree = "<group>"; };
		DD3A96A420B41ED000465F8B /* f.mp3 */ = {isa = PBXFileReference; lastKnownFileType = audio.mp3; path = f.mp3; sourceTree = "<group>"; };
		DD3A96A520B41ED000465F8B /* a.mp3 */ = {isa = PBXFileReference; lastKnownFileType = audio.mp3; path = a.mp3; sourceTree = "<group>"; };
		DDAF537320C17E7300738BE8 /* Song.swift */ = {isa = PBXFileReference; fileEncoding = 4; lastKnownFileType = sourcecode.swift; path = Song.swift; sourceTree = "<group>"; };
		DDAF537720C231B000738BE8 /* GermaniaOne-Regular.ttf */ = {isa = PBXFileReference; lastKnownFileType = file; name = "GermaniaOne-Regular.ttf"; path = "tunetilt/resource/GermaniaOne-Regular.ttf"; sourceTree = SOURCE_ROOT; };
		DDAF537B20C2427A00738BE8 /* launch.png */ = {isa = PBXFileReference; lastKnownFileType = image.png; name = launch.png; path = tunetilt/resource/launch.png; sourceTree = SOURCE_ROOT; };
		DDCD987220AA946300B8D4D2 /* tunetilt.app */ = {isa = PBXFileReference; explicitFileType = wrapper.application; includeInIndex = 0; path = tunetilt.app; sourceTree = BUILT_PRODUCTS_DIR; };
		DDCD987520AA946300B8D4D2 /* AppDelegate.swift */ = {isa = PBXFileReference; lastKnownFileType = sourcecode.swift; path = AppDelegate.swift; sourceTree = "<group>"; };
		DDCD987720AA946300B8D4D2 /* HomeController.swift */ = {isa = PBXFileReference; lastKnownFileType = sourcecode.swift; path = HomeController.swift; sourceTree = "<group>"; };
		DDCD987A20AA946300B8D4D2 /* Base */ = {isa = PBXFileReference; lastKnownFileType = file.storyboard; name = Base; path = Base.lproj/Main.storyboard; sourceTree = "<group>"; };
		DDCD987C20AA946400B8D4D2 /* Assets.xcassets */ = {isa = PBXFileReference; lastKnownFileType = folder.assetcatalog; path = Assets.xcassets; sourceTree = "<group>"; };
		DDCD987F20AA946400B8D4D2 /* Base */ = {isa = PBXFileReference; lastKnownFileType = file.storyboard; name = Base; path = Base.lproj/LaunchScreen.storyboard; sourceTree = "<group>"; };
		DDCD988120AA946400B8D4D2 /* Info.plist */ = {isa = PBXFileReference; lastKnownFileType = text.plist.xml; path = Info.plist; sourceTree = "<group>"; };
		DDCD988820AA959900B8D4D2 /* GameController.swift */ = {isa = PBXFileReference; fileEncoding = 4; lastKnownFileType = sourcecode.swift; path = GameController.swift; sourceTree = "<group>"; };
		DDEBD5D620C3B18900D7C664 /* SequencePlayer.swift */ = {isa = PBXFileReference; lastKnownFileType = sourcecode.swift; path = SequencePlayer.swift; sourceTree = "<group>"; };
		DDEBD5D820C3F18800D7C664 /* EndGameController.swift */ = {isa = PBXFileReference; lastKnownFileType = sourcecode.swift; path = EndGameController.swift; sourceTree = "<group>"; };
		F515D4D0A1E9943B7B2D0E62 /* Pods-tunetilt.debug.xcconfig */ = {isa = PBXFileReference; includeInIndex = 1; lastKnownFileType = text.xcconfig; name = "Pods-tunetilt.debug.xcconfig"; path = "Pods/Target Support Files/Pods-tunetilt/Pods-tunetilt.debug.xcconfig"; sourceTree = "<group>"; };
/* End PBXFileReference section */

/* Begin PBXFrameworksBuildPhase section */
		DDCD986F20AA946300B8D4D2 /* Frameworks */ = {
			isa = PBXFrameworksBuildPhase;
			buildActionMask = 2147483647;
			files = (
				DD17514720C54603002E6F1E /* Social.framework in Frameworks */,
				A95C12D9E8598A8C9927C9FA /* Pods_tunetilt.framework in Frameworks */,
				DC51890320C22D62008E16A2 /* GameKit.framework in Frameworks */,
				A3ECA6A9474724D6261150D8 /* Pods_tunetilt.framework in Frameworks */,
			);
			runOnlyForDeploymentPostprocessing = 0;
		};
/* End PBXFrameworksBuildPhase section */

/* Begin PBXGroup section */
		52E3C483203ACF7FED2A79E6 /* Pods */ = {
			isa = PBXGroup;
			children = (
				AE03A4768AB5555D6C668A55 /* Pods-tunetilt.debug.xcconfig */,
				D57399A5D189BC39A1680677 /* Pods-tunetilt.release.xcconfig */,
			);
			name = Pods;
			sourceTree = "<group>";
		};
		8020562B3EDAA78D7A1D59A1 /* Frameworks */ = {
			isa = PBXGroup;
			children = (
				DD17514620C54603002E6F1E /* Social.framework */,
				DC51890220C22D62008E16A2 /* GameKit.framework */,
				C59B65FE3C31E015FF53A99A /* Pods_tunetilt.framework */,
			);
			name = Frameworks;
			sourceTree = "<group>";
		};
		C04290BD20B3EE6E00A95719 /* model */ = {
			isa = PBXGroup;
			children = (
				DDAF537320C17E7300738BE8 /* Song.swift */,
			);
			name = model;
			sourceTree = "<group>";
		};
		DD18F86D20BB929D003773A5 /* view */ = {
			isa = PBXGroup;
			children = (
				DD18F86E20BB92F8003773A5 /* Key.swift */,
			);
			path = view;
			sourceTree = "<group>";
		};
		DD20DF3D20B1458900C7A9F4 /* utils */ = {
			isa = PBXGroup;
			children = (
				C04290B720B3ECEA00A95719 /* SequencesStorage.swift */,
				DDEBD5D620C3B18900D7C664 /* SequencePlayer.swift */,
				DC5188FE20C223A7008E16A2 /* ScoreManager.swift */,
				DC5188F720C22200008E16A2 /* LeaderboardRow.swift */,
				DD17514420C52DB4002E6F1E /* SongsLoader.swift */,
			);
			path = utils;
			sourceTree = "<group>";
		};
		DD3A969720B41E9700465F8B /* assets */ = {
			isa = PBXGroup;
			children = (
				DD3A969820B41ED000465F8B /* notes */,
			);
			path = assets;
			sourceTree = "<group>";
		};
		DD3A969820B41ED000465F8B /* notes */ = {
			isa = PBXGroup;
			children = (
				DD3A969A20B41ED000465F8B /* a#.mp3 */,
				DD3A969B20B41ED000465F8B /* c#.mp3 */,
				DD3A969C20B41ED000465F8B /* c.mp3 */,
				DD3A969D20B41ED000465F8B /* b.mp3 */,
				DD3A969E20B41ED000465F8B /* g#.mp3 */,
				DD3A969F20B41ED000465F8B /* e.mp3 */,
				DD3A96A020B41ED000465F8B /* d#.mp3 */,
				DD3A96A120B41ED000465F8B /* d.mp3 */,
				DD3A96A220B41ED000465F8B /* f#.mp3 */,
				DD3A96A320B41ED000465F8B /* g.mp3 */,
				DD3A96A420B41ED000465F8B /* f.mp3 */,
				DD3A96A520B41ED000465F8B /* a.mp3 */,
			);
			path = notes;
			sourceTree = "<group>";
		};
		DDAF537520C2318D00738BE8 /* resource */ = {
			isa = PBXGroup;
			children = (
				DDAF537B20C2427A00738BE8 /* launch.png */,
				DDAF537720C231B000738BE8 /* GermaniaOne-Regular.ttf */,
			);
			name = resource;
			path = controller/resource;
			sourceTree = "<group>";
		};
		DDCD986920AA946300B8D4D2 = {
			isa = PBXGroup;
			children = (
				DDCD987420AA946300B8D4D2 /* tunetilt */,
				DDCD987320AA946300B8D4D2 /* Products */,
				52E3C483203ACF7FED2A79E6 /* Pods */,
				8020562B3EDAA78D7A1D59A1 /* Frameworks */,
				DDFBD2A620B7029700B7DD38 /* Recovered References */,
			);
			sourceTree = "<group>";
		};
		DDCD987320AA946300B8D4D2 /* Products */ = {
			isa = PBXGroup;
			children = (
				DDCD987220AA946300B8D4D2 /* tunetilt.app */,
			);
			name = Products;
			sourceTree = "<group>";
		};
		DDCD987420AA946300B8D4D2 /* tunetilt */ = {
			isa = PBXGroup;
			children = (
				C04290BD20B3EE6E00A95719 /* model */,
				DD20DF3D20B1458900C7A9F4 /* utils */,
				DDCD988720AA955E00B8D4D2 /* controller */,
				DDAF537520C2318D00738BE8 /* resource */,
				DD18F86D20BB929D003773A5 /* view */,
				DC5188FB20C22306008E16A2 /* TuneTilt.xcdatamodeld */,
				DDCD987520AA946300B8D4D2 /* AppDelegate.swift */,
				DDCD987920AA946300B8D4D2 /* Main.storyboard */,
				DDCD987C20AA946400B8D4D2 /* Assets.xcassets */,
				DDCD987E20AA946400B8D4D2 /* LaunchScreen.storyboard */,
				DDCD988120AA946400B8D4D2 /* Info.plist */,
				DD3A969720B41E9700465F8B /* assets */,
				C04290B320B3ECD200A95719 /* GoogleService-Info.plist */,
			);
			path = tunetilt;
			sourceTree = "<group>";
		};
		DDCD988720AA955E00B8D4D2 /* controller */ = {
			isa = PBXGroup;
			children = (
				DDCD988820AA959900B8D4D2 /* GameController.swift */,
				DDCD987720AA946300B8D4D2 /* HomeController.swift */,
				DD20DF3520B13E7F00C7A9F4 /* SongSelectionController.swift */,
				DC5188F920C22230008E16A2 /* LeaderboardController.swift */,
				DDEBD5D820C3F18800D7C664 /* EndGameController.swift */,
			);
			path = controller;
			sourceTree = "<group>";
		};
		DDFBD2A620B7029700B7DD38 /* Recovered References */ = {
			isa = PBXGroup;
			children = (
				AAC4895FE5CA958516676BB4 /* Pods_tunetilt.framework */,
				F515D4D0A1E9943B7B2D0E62 /* Pods-tunetilt.debug.xcconfig */,
				62AF78B66F6A7160C9A023ED /* Pods-tunetilt.release.xcconfig */,
			);
			name = "Recovered References";
			sourceTree = "<group>";
		};
/* End PBXGroup section */

/* Begin PBXNativeTarget section */
		DDCD987120AA946300B8D4D2 /* tunetilt */ = {
			isa = PBXNativeTarget;
			buildConfigurationList = DDCD988420AA946400B8D4D2 /* Build configuration list for PBXNativeTarget "tunetilt" */;
			buildPhases = (
				C4ABFE696CA1D794810DC8F4 /* [CP] Check Pods Manifest.lock */,
				DDCD986E20AA946300B8D4D2 /* Sources */,
				DDCD986F20AA946300B8D4D2 /* Frameworks */,
				DDCD987020AA946300B8D4D2 /* Resources */,
				F56A1332E62DEE938F18770F /* [CP] Embed Pods Frameworks */,
			);
			buildRules = (
			);
			dependencies = (
			);
			name = tunetilt;
			productName = tunetilt;
			productReference = DDCD987220AA946300B8D4D2 /* tunetilt.app */;
			productType = "com.apple.product-type.application";
		};
/* End PBXNativeTarget section */

/* Begin PBXProject section */
		DDCD986A20AA946300B8D4D2 /* Project object */ = {
			isa = PBXProject;
			attributes = {
				LastSwiftUpdateCheck = 0930;
				LastUpgradeCheck = 0940;
				ORGANIZATIONNAME = "Blinking Light Studios";
				TargetAttributes = {
					DDCD987120AA946300B8D4D2 = {
						CreatedOnToolsVersion = 9.3.1;
						LastSwiftMigration = 0920;
						ProvisioningStyle = Automatic;
						SystemCapabilities = {
							com.apple.GameCenter = {
								enabled = 1;
							};
							com.apple.GameCenter.iOS = {
								enabled = 1;
							};
						};
					};
				};
			};
			buildConfigurationList = DDCD986D20AA946300B8D4D2 /* Build configuration list for PBXProject "tunetilt" */;
			compatibilityVersion = "Xcode 8.0";
			developmentRegion = en;
			hasScannedForEncodings = 0;
			knownRegions = (
				en,
				Base,
			);
			mainGroup = DDCD986920AA946300B8D4D2;
			productRefGroup = DDCD987320AA946300B8D4D2 /* Products */;
			projectDirPath = "";
			projectRoot = "";
			targets = (
				DDCD987120AA946300B8D4D2 /* tunetilt */,
			);
		};
/* End PBXProject section */

/* Begin PBXResourcesBuildPhase section */
		DDCD987020AA946300B8D4D2 /* Resources */ = {
			isa = PBXResourcesBuildPhase;
			buildActionMask = 2147483647;
			files = (
				DD3A96B120B41ED000465F8B /* f.mp3 in Resources */,
				DD3A96AD20B41ED000465F8B /* d#.mp3 in Resources */,
				DD3A96AE20B41ED000465F8B /* d.mp3 in Resources */,
				DD3A96AC20B41ED000465F8B /* e.mp3 in Resources */,
				DD3A96AB20B41ED000465F8B /* g#.mp3 in Resources */,
				DD3A96B020B41ED000465F8B /* g.mp3 in Resources */,
				DD3A96B220B41ED000465F8B /* a.mp3 in Resources */,
				DD3A96AF20B41ED000465F8B /* f#.mp3 in Resources */,
				DD3A96A820B41ED000465F8B /* c#.mp3 in Resources */,
				DD3A96A920B41ED000465F8B /* c.mp3 in Resources */,
				DD3A96A720B41ED000465F8B /* a#.mp3 in Resources */,
				DDCD988020AA946400B8D4D2 /* LaunchScreen.storyboard in Resources */,
				DDAF537C20C2427A00738BE8 /* launch.png in Resources */,
				C04290B420B3ECD200A95719 /* GoogleService-Info.plist in Resources */,
				DDCD987D20AA946400B8D4D2 /* Assets.xcassets in Resources */,
				DDAF537820C231B000738BE8 /* GermaniaOne-Regular.ttf in Resources */,
				DDCD987B20AA946300B8D4D2 /* Main.storyboard in Resources */,
				DD3A96AA20B41ED000465F8B /* b.mp3 in Resources */,
			);
			runOnlyForDeploymentPostprocessing = 0;
		};
/* End PBXResourcesBuildPhase section */

/* Begin PBXShellScriptBuildPhase section */
		C4ABFE696CA1D794810DC8F4 /* [CP] Check Pods Manifest.lock */ = {
			isa = PBXShellScriptBuildPhase;
			buildActionMask = 2147483647;
			files = (
			);
			inputPaths = (
				"${PODS_PODFILE_DIR_PATH}/Podfile.lock",
				"${PODS_ROOT}/Manifest.lock",
			);
			name = "[CP] Check Pods Manifest.lock";
			outputPaths = (
				"$(DERIVED_FILE_DIR)/Pods-tunetilt-checkManifestLockResult.txt",
			);
			runOnlyForDeploymentPostprocessing = 0;
			shellPath = /bin/sh;
			shellScript = "diff \"${PODS_PODFILE_DIR_PATH}/Podfile.lock\" \"${PODS_ROOT}/Manifest.lock\" > /dev/null\nif [ $? != 0 ] ; then\n    # print error to STDERR\n    echo \"error: The sandbox is not in sync with the Podfile.lock. Run 'pod install' or update your CocoaPods installation.\" >&2\n    exit 1\nfi\n# This output is used by Xcode 'outputs' to avoid re-running this script phase.\necho \"SUCCESS\" > \"${SCRIPT_OUTPUT_FILE_0}\"\n";
			showEnvVarsInLog = 0;
		};
		F56A1332E62DEE938F18770F /* [CP] Embed Pods Frameworks */ = {
			isa = PBXShellScriptBuildPhase;
			buildActionMask = 2147483647;
			files = (
			);
			inputPaths = (
				"${SRCROOT}/Pods/Target Support Files/Pods-tunetilt/Pods-tunetilt-frameworks.sh",
				"${BUILT_PRODUCTS_DIR}/BoringSSL/openssl.framework",
				"${BUILT_PRODUCTS_DIR}/GoogleToolboxForMac/GoogleToolboxForMac.framework",
				"${BUILT_PRODUCTS_DIR}/Protobuf/Protobuf.framework",
				"${BUILT_PRODUCTS_DIR}/gRPC/GRPCClient.framework",
				"${BUILT_PRODUCTS_DIR}/gRPC-Core/grpc.framework",
				"${BUILT_PRODUCTS_DIR}/gRPC-ProtoRPC/ProtoRPC.framework",
				"${BUILT_PRODUCTS_DIR}/gRPC-RxLibrary/RxLibrary.framework",
				"${BUILT_PRODUCTS_DIR}/leveldb-library/leveldb.framework",
				"${BUILT_PRODUCTS_DIR}/nanopb/nanopb.framework",
			);
			name = "[CP] Embed Pods Frameworks";
			outputPaths = (
				"${TARGET_BUILD_DIR}/${FRAMEWORKS_FOLDER_PATH}/openssl.framework",
				"${TARGET_BUILD_DIR}/${FRAMEWORKS_FOLDER_PATH}/GoogleToolboxForMac.framework",
				"${TARGET_BUILD_DIR}/${FRAMEWORKS_FOLDER_PATH}/Protobuf.framework",
				"${TARGET_BUILD_DIR}/${FRAMEWORKS_FOLDER_PATH}/GRPCClient.framework",
				"${TARGET_BUILD_DIR}/${FRAMEWORKS_FOLDER_PATH}/grpc.framework",
				"${TARGET_BUILD_DIR}/${FRAMEWORKS_FOLDER_PATH}/ProtoRPC.framework",
				"${TARGET_BUILD_DIR}/${FRAMEWORKS_FOLDER_PATH}/RxLibrary.framework",
				"${TARGET_BUILD_DIR}/${FRAMEWORKS_FOLDER_PATH}/leveldb.framework",
				"${TARGET_BUILD_DIR}/${FRAMEWORKS_FOLDER_PATH}/nanopb.framework",
			);
			runOnlyForDeploymentPostprocessing = 0;
			shellPath = /bin/sh;
			shellScript = "\"${SRCROOT}/Pods/Target Support Files/Pods-tunetilt/Pods-tunetilt-frameworks.sh\"\n";
			showEnvVarsInLog = 0;
		};
/* End PBXShellScriptBuildPhase section */

/* Begin PBXSourcesBuildPhase section */
		DDCD986E20AA946300B8D4D2 /* Sources */ = {
			isa = PBXSourcesBuildPhase;
			buildActionMask = 2147483647;
			files = (
				DC5188FF20C223A7008E16A2 /* ScoreManager.swift in Sources */,
				DDCD987820AA946300B8D4D2 /* HomeController.swift in Sources */,
				DD18F86F20BB92F8003773A5 /* Key.swift in Sources */,
				DC5188FA20C22230008E16A2 /* LeaderboardController.swift in Sources */,
				C04290B820B3ECEA00A95719 /* SequencesStorage.swift in Sources */,
				DC5188FD20C22306008E16A2 /* TuneTilt.xcdatamodeld in Sources */,
				DD17514520C52DB4002E6F1E /* SongsLoader.swift in Sources */,
				DDEBD5D920C3F18800D7C664 /* EndGameController.swift in Sources */,
				DD20DF3620B13E8000C7A9F4 /* SongSelectionController.swift in Sources */,
				DDEBD5D720C3B18900D7C664 /* SequencePlayer.swift in Sources */,
				DC5188F820C22200008E16A2 /* LeaderboardRow.swift in Sources */,
				DDCD988920AA959900B8D4D2 /* GameController.swift in Sources */,
				DDAF537420C17E7400738BE8 /* Song.swift in Sources */,
				DDCD987620AA946300B8D4D2 /* AppDelegate.swift in Sources */,
			);
			runOnlyForDeploymentPostprocessing = 0;
		};
/* End PBXSourcesBuildPhase section */

/* Begin PBXVariantGroup section */
		DDCD987920AA946300B8D4D2 /* Main.storyboard */ = {
			isa = PBXVariantGroup;
			children = (
				DDCD987A20AA946300B8D4D2 /* Base */,
			);
			name = Main.storyboard;
			sourceTree = "<group>";
		};
		DDCD987E20AA946400B8D4D2 /* LaunchScreen.storyboard */ = {
			isa = PBXVariantGroup;
			children = (
				DDCD987F20AA946400B8D4D2 /* Base */,
			);
			name = LaunchScreen.storyboard;
			sourceTree = "<group>";
		};
/* End PBXVariantGroup section */

/* Begin XCBuildConfiguration section */
		DDCD988220AA946400B8D4D2 /* Debug */ = {
			isa = XCBuildConfiguration;
			buildSettings = {
				ALWAYS_SEARCH_USER_PATHS = NO;
				CLANG_ANALYZER_NONNULL = YES;
				CLANG_ANALYZER_NUMBER_OBJECT_CONVERSION = YES_AGGRESSIVE;
				CLANG_CXX_LANGUAGE_STANDARD = "gnu++14";
				CLANG_CXX_LIBRARY = "libc++";
				CLANG_ENABLE_MODULES = YES;
				CLANG_ENABLE_OBJC_ARC = YES;
				CLANG_ENABLE_OBJC_WEAK = YES;
				CLANG_WARN_BLOCK_CAPTURE_AUTORELEASING = YES;
				CLANG_WARN_BOOL_CONVERSION = YES;
				CLANG_WARN_COMMA = YES;
				CLANG_WARN_CONSTANT_CONVERSION = YES;
				CLANG_WARN_DEPRECATED_OBJC_IMPLEMENTATIONS = YES;
				CLANG_WARN_DIRECT_OBJC_ISA_USAGE = YES_ERROR;
				CLANG_WARN_DOCUMENTATION_COMMENTS = YES;
				CLANG_WARN_EMPTY_BODY = YES;
				CLANG_WARN_ENUM_CONVERSION = YES;
				CLANG_WARN_INFINITE_RECURSION = YES;
				CLANG_WARN_INT_CONVERSION = YES;
				CLANG_WARN_NON_LITERAL_NULL_CONVERSION = YES;
				CLANG_WARN_OBJC_IMPLICIT_RETAIN_SELF = YES;
				CLANG_WARN_OBJC_LITERAL_CONVERSION = YES;
				CLANG_WARN_OBJC_ROOT_CLASS = YES_ERROR;
				CLANG_WARN_RANGE_LOOP_ANALYSIS = YES;
				CLANG_WARN_STRICT_PROTOTYPES = YES;
				CLANG_WARN_SUSPICIOUS_MOVE = YES;
				CLANG_WARN_UNGUARDED_AVAILABILITY = YES_AGGRESSIVE;
				CLANG_WARN_UNREACHABLE_CODE = YES;
				CLANG_WARN__DUPLICATE_METHOD_MATCH = YES;
				CODE_SIGN_IDENTITY = "iPhone Developer";
				COPY_PHASE_STRIP = NO;
				DEBUG_INFORMATION_FORMAT = dwarf;
				ENABLE_STRICT_OBJC_MSGSEND = YES;
				ENABLE_TESTABILITY = YES;
				GCC_C_LANGUAGE_STANDARD = gnu11;
				GCC_DYNAMIC_NO_PIC = NO;
				GCC_NO_COMMON_BLOCKS = YES;
				GCC_OPTIMIZATION_LEVEL = 0;
				GCC_PREPROCESSOR_DEFINITIONS = (
					"DEBUG=1",
					"$(inherited)",
				);
				GCC_WARN_64_TO_32_BIT_CONVERSION = YES;
				GCC_WARN_ABOUT_RETURN_TYPE = YES_ERROR;
				GCC_WARN_UNDECLARED_SELECTOR = YES;
				GCC_WARN_UNINITIALIZED_AUTOS = YES_AGGRESSIVE;
				GCC_WARN_UNUSED_FUNCTION = YES;
				GCC_WARN_UNUSED_VARIABLE = YES;
				IPHONEOS_DEPLOYMENT_TARGET = 11.3;
				MTL_ENABLE_DEBUG_INFO = YES;
				ONLY_ACTIVE_ARCH = YES;
				SDKROOT = iphoneos;
				SWIFT_ACTIVE_COMPILATION_CONDITIONS = DEBUG;
				SWIFT_OPTIMIZATION_LEVEL = "-Onone";
			};
			name = Debug;
		};
		DDCD988320AA946400B8D4D2 /* Release */ = {
			isa = XCBuildConfiguration;
			buildSettings = {
				ALWAYS_SEARCH_USER_PATHS = NO;
				CLANG_ANALYZER_NONNULL = YES;
				CLANG_ANALYZER_NUMBER_OBJECT_CONVERSION = YES_AGGRESSIVE;
				CLANG_CXX_LANGUAGE_STANDARD = "gnu++14";
				CLANG_CXX_LIBRARY = "libc++";
				CLANG_ENABLE_MODULES = YES;
				CLANG_ENABLE_OBJC_ARC = YES;
				CLANG_ENABLE_OBJC_WEAK = YES;
				CLANG_WARN_BLOCK_CAPTURE_AUTORELEASING = YES;
				CLANG_WARN_BOOL_CONVERSION = YES;
				CLANG_WARN_COMMA = YES;
				CLANG_WARN_CONSTANT_CONVERSION = YES;
				CLANG_WARN_DEPRECATED_OBJC_IMPLEMENTATIONS = YES;
				CLANG_WARN_DIRECT_OBJC_ISA_USAGE = YES_ERROR;
				CLANG_WARN_DOCUMENTATION_COMMENTS = YES;
				CLANG_WARN_EMPTY_BODY = YES;
				CLANG_WARN_ENUM_CONVERSION = YES;
				CLANG_WARN_INFINITE_RECURSION = YES;
				CLANG_WARN_INT_CONVERSION = YES;
				CLANG_WARN_NON_LITERAL_NULL_CONVERSION = YES;
				CLANG_WARN_OBJC_IMPLICIT_RETAIN_SELF = YES;
				CLANG_WARN_OBJC_LITERAL_CONVERSION = YES;
				CLANG_WARN_OBJC_ROOT_CLASS = YES_ERROR;
				CLANG_WARN_RANGE_LOOP_ANALYSIS = YES;
				CLANG_WARN_STRICT_PROTOTYPES = YES;
				CLANG_WARN_SUSPICIOUS_MOVE = YES;
				CLANG_WARN_UNGUARDED_AVAILABILITY = YES_AGGRESSIVE;
				CLANG_WARN_UNREACHABLE_CODE = YES;
				CLANG_WARN__DUPLICATE_METHOD_MATCH = YES;
				CODE_SIGN_IDENTITY = "iPhone Developer";
				COPY_PHASE_STRIP = NO;
				DEBUG_INFORMATION_FORMAT = "dwarf-with-dsym";
				ENABLE_NS_ASSERTIONS = NO;
				ENABLE_STRICT_OBJC_MSGSEND = YES;
				GCC_C_LANGUAGE_STANDARD = gnu11;
				GCC_NO_COMMON_BLOCKS = YES;
				GCC_WARN_64_TO_32_BIT_CONVERSION = YES;
				GCC_WARN_ABOUT_RETURN_TYPE = YES_ERROR;
				GCC_WARN_UNDECLARED_SELECTOR = YES;
				GCC_WARN_UNINITIALIZED_AUTOS = YES_AGGRESSIVE;
				GCC_WARN_UNUSED_FUNCTION = YES;
				GCC_WARN_UNUSED_VARIABLE = YES;
				IPHONEOS_DEPLOYMENT_TARGET = 11.3;
				MTL_ENABLE_DEBUG_INFO = NO;
				SDKROOT = iphoneos;
				SWIFT_OPTIMIZATION_LEVEL = "-Owholemodule";
				VALIDATE_PRODUCT = YES;
			};
			name = Release;
		};
		DDCD988520AA946400B8D4D2 /* Debug */ = {
			isa = XCBuildConfiguration;
			baseConfigurationReference = F515D4D0A1E9943B7B2D0E62 /* Pods-tunetilt.debug.xcconfig */;
			buildSettings = {
				ASSETCATALOG_COMPILER_APPICON_NAME = AppIcon;
				CLANG_ENABLE_MODULES = YES;
				CODE_SIGN_STYLE = Automatic;
				DEVELOPMENT_TEAM = 2A9AZU9A2Y;
				FRAMEWORK_SEARCH_PATHS = "$(inherited)";
				INFOPLIST_FILE = tunetilt/Info.plist;
				IPHONEOS_DEPLOYMENT_TARGET = 10.3;
				LD_RUNPATH_SEARCH_PATHS = "$(inherited) @executable_path/Frameworks";
				PODS_BUILD_DIR = "$(inherited)";
				PODS_CONFIGURATION_BUILD_DIR = "$(inherited)";
				PODS_PODFILE_DIR_PATH = "$(inherited)";
				PODS_ROOT = "$(inherited)";
				PRODUCT_BUNDLE_IDENTIFIER = "com.blinking-light-studios.tunetilt";
				PRODUCT_NAME = "$(TARGET_NAME)";
				SWIFT_OPTIMIZATION_LEVEL = "-Onone";
				SWIFT_VERSION = 4.0;
				TARGETED_DEVICE_FAMILY = "1,2";
			};
			name = Debug;
		};
		DDCD988620AA946400B8D4D2 /* Release */ = {
			isa = XCBuildConfiguration;
			baseConfigurationReference = 62AF78B66F6A7160C9A023ED /* Pods-tunetilt.release.xcconfig */;
			buildSettings = {
				ASSETCATALOG_COMPILER_APPICON_NAME = AppIcon;
				CLANG_ENABLE_MODULES = YES;
				CODE_SIGN_STYLE = Automatic;
				DEVELOPMENT_TEAM = 2A9AZU9A2Y;
				FRAMEWORK_SEARCH_PATHS = "$(inherited)";
				INFOPLIST_FILE = tunetilt/Info.plist;
				IPHONEOS_DEPLOYMENT_TARGET = 10.3;
				LD_RUNPATH_SEARCH_PATHS = "$(inherited) @executable_path/Frameworks";
				PODS_BUILD_DIR = "$(inherited)";
				PODS_CONFIGURATION_BUILD_DIR = "$(inherited)";
				PODS_PODFILE_DIR_PATH = "$(inherited)";
				PODS_ROOT = "$(inherited)";
				PRODUCT_BUNDLE_IDENTIFIER = "com.blinking-light-studios.tunetilt";
				PRODUCT_NAME = "$(TARGET_NAME)";
				SWIFT_VERSION = 4.0;
				TARGETED_DEVICE_FAMILY = "1,2";
			};
			name = Release;
		};
/* End XCBuildConfiguration section */

/* Begin XCConfigurationList section */
		DDCD986D20AA946300B8D4D2 /* Build configuration list for PBXProject "tunetilt" */ = {
			isa = XCConfigurationList;
			buildConfigurations = (
				DDCD988220AA946400B8D4D2 /* Debug */,
				DDCD988320AA946400B8D4D2 /* Release */,
			);
			defaultConfigurationIsVisible = 0;
			defaultConfigurationName = Release;
		};
		DDCD988420AA946400B8D4D2 /* Build configuration list for PBXNativeTarget "tunetilt" */ = {
			isa = XCConfigurationList;
			buildConfigurations = (
				DDCD988520AA946400B8D4D2 /* Debug */,
				DDCD988620AA946400B8D4D2 /* Release */,
			);
			defaultConfigurationIsVisible = 0;
			defaultConfigurationName = Release;
		};
/* End XCConfigurationList section */

/* Begin XCVersionGroup section */
		DC5188FB20C22306008E16A2 /* TuneTilt.xcdatamodeld */ = {
			isa = XCVersionGroup;
			children = (
				DC5188FC20C22306008E16A2 /* TuneTilt.xcdatamodel */,
			);
			currentVersion = DC5188FC20C22306008E16A2 /* TuneTilt.xcdatamodel */;
			path = TuneTilt.xcdatamodeld;
			sourceTree = "<group>";
			versionGroupType = wrapper.xcdatamodel;
		};
/* End XCVersionGroup section */
	};
	rootObject = DDCD986A20AA946300B8D4D2 /* Project object */;
}
